{
  "requires": true,
  "lockfileVersion": 1,
  "dependencies": {
    "fullpage.js": {
      "version": "3.0.4",
      "resolved": "https://registry.npmjs.org/fullpage.js/-/fullpage.js-3.0.4.tgz",
      "integrity": "sha512-GWpud0Gvr8i4k3QySoajFevO18UBKMJ9znU3o4uaXZkKYqLtS8d1BSQoAARmYwYgBLOw3YrKAG+4LoaIokO1UA=="
    }
  }
}
